
Microsoft Visual Studio Solution File, Format Version 12.00
# Visual Studio Version 16
VisualStudioVersion = 16.0.31019.35
MinimumVisualStudioVersion = 10.0.40219.1
Project("{9A19103F-16F7-4668-BE54-9A1E7A4F7556}") = "Checkers.App", "Checkers.App\Checkers.App.csproj", "{582EECCC-FBF8-4F10-A248-A5FF9C6DF0B4}"
EndProject
Project("{9A19103F-16F7-4668-BE54-9A1E7A4F7556}") = "Checkers.Home", "Checkers.Home\Checkers.Home.csproj", "{0CB69EC4-3C98-462C-81A9-DBD70DF98D27}"
EndProject
Project("{9A19103F-16F7-4668-BE54-9A1E7A4F7556}") = "Checkers.Game", "Checkers.Game\Checkers.Game.csproj", "{800F5FA0-8BA2-4A9F-991D-B5C53760A634}"
EndProject
Project("{9A19103F-16F7-4668-BE54-9A1E7A4F7556}") = "Checkers.Winner", "Checkers.Winner\Checkers.Winner.csproj", "{0E41FA06-29E4-4902-8A28-842FA7C675D3}"
EndProject
Project("{9A19103F-16F7-4668-BE54-9A1E7A4F7556}") = "Checkers.Models", "Checkers.Models\Checkers.Models.csproj", "{18A474B6-8C1F-42F3-8D5C-7C3EB636B1F1}"
EndProject
Project("{9A19103F-16F7-4668-BE54-9A1E7A4F7556}") = "Checkers.Services", "Checkers.Services\Checkers.Services.csproj", "{2FED432E-2E09-4337-9C13-BA52F8B80B45}"
EndProject
Project("{FAE04EC0-301F-11D3-BF4B-00C04F79EFBC}") = "Checkers.Converters", "Checkers.Converters\Checkers.Converters.csproj", "{77891696-818C-444E-AADF-069D2D2B2314}"
EndProject
Global
	GlobalSection(SolutionConfigurationPlatforms) = preSolution
		Debug|Any CPU = Debug|Any CPU
		Release|Any CPU = Release|Any CPU
	EndGlobalSection
	GlobalSection(ProjectConfigurationPlatforms) = postSolution
		{582EECCC-FBF8-4F10-A248-A5FF9C6DF0B4}.Debug|Any CPU.ActiveCfg = Debug|Any CPU
		{582EECCC-FBF8-4F10-A248-A5FF9C6DF0B4}.Debug|Any CPU.Build.0 = Debug|Any CPU
		{582EECCC-FBF8-4F10-A248-A5FF9C6DF0B4}.Release|Any CPU.ActiveCfg = Release|Any CPU
		{582EECCC-FBF8-4F10-A248-A5FF9C6DF0B4}.Release|Any CPU.Build.0 = Release|Any CPU
		{0CB69EC4-3C98-462C-81A9-DBD70DF98D27}.Debug|Any CPU.ActiveCfg = Debug|Any CPU
		{0CB69EC4-3C98-462C-81A9-DBD70DF98D27}.Debug|Any CPU.Build.0 = Debug|Any CPU
		{0CB69EC4-3C98-462C-81A9-DBD70DF98D27}.Release|Any CPU.ActiveCfg = Release|Any CPU
		{0CB69EC4-3C98-462C-81A9-DBD70DF98D27}.Release|Any CPU.Build.0 = Release|Any CPU
		{800F5FA0-8BA2-4A9F-991D-B5C53760A634}.Debug|Any CPU.ActiveCfg = Debug|Any CPU
		{800F5FA0-8BA2-4A9F-991D-B5C53760A634}.Debug|Any CPU.Build.0 = Debug|Any CPU
		{800F5FA0-8BA2-4A9F-991D-B5C53760A634}.Release|Any CPU.ActiveCfg = Release|Any CPU
		{800F5FA0-8BA2-4A9F-991D-B5C53760A634}.Release|Any CPU.Build.0 = Release|Any CPU
		{0E41FA06-29E4-4902-8A28-842FA7C675D3}.Debug|Any CPU.ActiveCfg = Debug|Any CPU
		{0E41FA06-29E4-4902-8A28-842FA7C675D3}.Debug|Any CPU.Build.0 = Debug|Any CPU
		{0E41FA06-29E4-4902-8A28-842FA7C675D3}.Release|Any CPU.ActiveCfg = Release|Any CPU
		{0E41FA06-29E4-4902-8A28-842FA7C675D3}.Release|Any CPU.Build.0 = Release|Any CPU
		{18A474B6-8C1F-42F3-8D5C-7C3EB636B1F1}.Debug|Any CPU.ActiveCfg = Debug|Any CPU
		{18A474B6-8C1F-42F3-8D5C-7C3EB636B1F1}.Debug|Any CPU.Build.0 = Debug|Any CPU
		{18A474B6-8C1F-42F3-8D5C-7C3EB636B1F1}.Release|Any CPU.ActiveCfg = Release|Any CPU
		{18A474B6-8C1F-42F3-8D5C-7C3EB636B1F1}.Release|Any CPU.Build.0 = Release|Any CPU
		{2FED432E-2E09-4337-9C13-BA52F8B80B45}.Debug|Any CPU.ActiveCfg = Debug|Any CPU
		{2FED432E-2E09-4337-9C13-BA52F8B80B45}.Debug|Any CPU.Build.0 = Debug|Any CPU
		{2FED432E-2E09-4337-9C13-BA52F8B80B45}.Release|Any CPU.ActiveCfg = Release|Any CPU
		{2FED432E-2E09-4337-9C13-BA52F8B80B45}.Release|Any CPU.Build.0 = Release|Any CPU
		{77891696-818C-444E-AADF-069D2D2B2314}.Debug|Any CPU.ActiveCfg = Debug|Any CPU
		{77891696-818C-444E-AADF-069D2D2B2314}.Debug|Any CPU.Build.0 = Debug|Any CPU
		{77891696-818C-444E-AADF-069D2D2B2314}.Release|Any CPU.ActiveCfg = Release|Any CPU
		{77891696-818C-444E-AADF-069D2D2B2314}.Release|Any CPU.Build.0 = Release|Any CPU
	EndGlobalSection
	GlobalSection(SolutionProperties) = preSolution
		HideSolutionNode = FALSE
	EndGlobalSection
	GlobalSection(ExtensibilityGlobals) = postSolution
		SolutionGuid = {D7BBB7D2-04DE-4E18-AFBB-9A9DBC58CC54}
	EndGlobalSection
EndGlobal
